# This file is automatically @generated by Poetry 1.7.1 and should not be changed by hand.

[[package]]
name = "start-end-logging"
version = "0.1.5"
description = "A very simple logging library that logs the start and end of a process step and, in particular, indicates the elapsed time."
optional = false
python-versions = ">=3.8"
files = [
    {file = "start_end_logging-0.1.5-py3-none-any.whl", hash = "sha256:149fe0587fb610f6dbf7bc5e1c34db746d73f3293fbfbdebdfdf2bafc435de32"},
    {file = "start_end_logging-0.1.5.tar.gz", hash = "sha256:a6dbe3df6dfc0105308169dc8360050c13d51ee763c17ffafd38768066b2984d"},
]

[metadata]
lock-version = "2.0"
python-versions = ">=3.8"
content-hash = "257ec47c6513db87530cfbd8ff9c44c72fafaa6136e3f30c6d9c9f58576a7c1c"
