# This file is automatically @generated by Poetry 1.7.1 and should not be changed by hand.

[[package]]
name = "start-end-logging"
version = "0.1.3"
description = "A very simple logging library that logs the start and end of a process step and, in particular, indicates the elapsed time."
optional = false
python-versions = ">=2.7"
files = [
    {file = "start_end_logging-0.1.3-py2.py3-none-any.whl", hash = "sha256:069f8dd1f64920fdb759a0e08857eb338996ee27cae9817742d06ced07781991"},
    {file = "start_end_logging-0.1.3.tar.gz", hash = "sha256:90e47d0bdf61a24bfaa62cc5768cb3b61c810e14a666c455f6138c19f3765f46"},
]

[metadata]
lock-version = "2.0"
python-versions = ">=2.7"
content-hash = "501feef9aa4750f06345a85de8c0e713d6a5e077bc09b210a9a5cb51d349425e"
